
Microsoft Visual Studio Solution File, Format Version 12.00
# Visual Studio 15
VisualStudioVersion = 15.0.26124.0
MinimumVisualStudioVersion = 15.0.26124.0
Project("{FAE04EC0-301F-11D3-BF4B-00C04F79EFBC}") = "Domain", "Domain\Domain.csproj", "{6A86B9DD-8C8A-4169-B7CC-1666507C6FA9}"
EndProject
Project("{FAE04EC0-301F-11D3-BF4B-00C04F79EFBC}") = "Application", "Application\Application.csproj", "{AFDC63E5-1DEB-4A73-AEE3-00556F183A6D}"
EndProject
Project("{FAE04EC0-301F-11D3-BF4B-00C04F79EFBC}") = "Persistence", "Persistence\Persistence.csproj", "{276EBAE5-D987-4710-8FA3-BB4B07BBAC7D}"
EndProject
Project("{FAE04EC0-301F-11D3-BF4B-00C04F79EFBC}") = "API", "API\API.csproj", "{667EA705-6360-4314-9510-4BB2F6066412}"
EndProject
Global
	GlobalSection(SolutionConfigurationPlatforms) = preSolution
		Debug|Any CPU = Debug|Any CPU
		Debug|x64 = Debug|x64
		Debug|x86 = Debug|x86
		Release|Any CPU = Release|Any CPU
		Release|x64 = Release|x64
		Release|x86 = Release|x86
	EndGlobalSection
	GlobalSection(SolutionProperties) = preSolution
		HideSolutionNode = FALSE
	EndGlobalSection
	GlobalSection(ProjectConfigurationPlatforms) = postSolution
		{6A86B9DD-8C8A-4169-B7CC-1666507C6FA9}.Debug|Any CPU.ActiveCfg = Debug|Any CPU
		{6A86B9DD-8C8A-4169-B7CC-1666507C6FA9}.Debug|Any CPU.Build.0 = Debug|Any CPU
		{6A86B9DD-8C8A-4169-B7CC-1666507C6FA9}.Debug|x64.ActiveCfg = Debug|Any CPU
		{6A86B9DD-8C8A-4169-B7CC-1666507C6FA9}.Debug|x64.Build.0 = Debug|Any CPU
		{6A86B9DD-8C8A-4169-B7CC-1666507C6FA9}.Debug|x86.ActiveCfg = Debug|Any CPU
		{6A86B9DD-8C8A-4169-B7CC-1666507C6FA9}.Debug|x86.Build.0 = Debug|Any CPU
		{6A86B9DD-8C8A-4169-B7CC-1666507C6FA9}.Release|Any CPU.ActiveCfg = Release|Any CPU
		{6A86B9DD-8C8A-4169-B7CC-1666507C6FA9}.Release|Any CPU.Build.0 = Release|Any CPU
		{6A86B9DD-8C8A-4169-B7CC-1666507C6FA9}.Release|x64.ActiveCfg = Release|Any CPU
		{6A86B9DD-8C8A-4169-B7CC-1666507C6FA9}.Release|x64.Build.0 = Release|Any CPU
		{6A86B9DD-8C8A-4169-B7CC-1666507C6FA9}.Release|x86.ActiveCfg = Release|Any CPU
		{6A86B9DD-8C8A-4169-B7CC-1666507C6FA9}.Release|x86.Build.0 = Release|Any CPU
		{AFDC63E5-1DEB-4A73-AEE3-00556F183A6D}.Debug|Any CPU.ActiveCfg = Debug|Any CPU
		{AFDC63E5-1DEB-4A73-AEE3-00556F183A6D}.Debug|Any CPU.Build.0 = Debug|Any CPU
		{AFDC63E5-1DEB-4A73-AEE3-00556F183A6D}.Debug|x64.ActiveCfg = Debug|Any CPU
		{AFDC63E5-1DEB-4A73-AEE3-00556F183A6D}.Debug|x64.Build.0 = Debug|Any CPU
		{AFDC63E5-1DEB-4A73-AEE3-00556F183A6D}.Debug|x86.ActiveCfg = Debug|Any CPU
		{AFDC63E5-1DEB-4A73-AEE3-00556F183A6D}.Debug|x86.Build.0 = Debug|Any CPU
		{AFDC63E5-1DEB-4A73-AEE3-00556F183A6D}.Release|Any CPU.ActiveCfg = Release|Any CPU
		{AFDC63E5-1DEB-4A73-AEE3-00556F183A6D}.Release|Any CPU.Build.0 = Release|Any CPU
		{AFDC63E5-1DEB-4A73-AEE3-00556F183A6D}.Release|x64.ActiveCfg = Release|Any CPU
		{AFDC63E5-1DEB-4A73-AEE3-00556F183A6D}.Release|x64.Build.0 = Release|Any CPU
		{AFDC63E5-1DEB-4A73-AEE3-00556F183A6D}.Release|x86.ActiveCfg = Release|Any CPU
		{AFDC63E5-1DEB-4A73-AEE3-00556F183A6D}.Release|x86.Build.0 = Release|Any CPU
		{276EBAE5-D987-4710-8FA3-BB4B07BBAC7D}.Debug|Any CPU.ActiveCfg = Debug|Any CPU
		{276EBAE5-D987-4710-8FA3-BB4B07BBAC7D}.Debug|Any CPU.Build.0 = Debug|Any CPU
		{276EBAE5-D987-4710-8FA3-BB4B07BBAC7D}.Debug|x64.ActiveCfg = Debug|Any CPU
		{276EBAE5-D987-4710-8FA3-BB4B07BBAC7D}.Debug|x64.Build.0 = Debug|Any CPU
		{276EBAE5-D987-4710-8FA3-BB4B07BBAC7D}.Debug|x86.ActiveCfg = Debug|Any CPU
		{276EBAE5-D987-4710-8FA3-BB4B07BBAC7D}.Debug|x86.Build.0 = Debug|Any CPU
		{276EBAE5-D987-4710-8FA3-BB4B07BBAC7D}.Release|Any CPU.ActiveCfg = Release|Any CPU
		{276EBAE5-D987-4710-8FA3-BB4B07BBAC7D}.Release|Any CPU.Build.0 = Release|Any CPU
		{276EBAE5-D987-4710-8FA3-BB4B07BBAC7D}.Release|x64.ActiveCfg = Release|Any CPU
		{276EBAE5-D987-4710-8FA3-BB4B07BBAC7D}.Release|x64.Build.0 = Release|Any CPU
		{276EBAE5-D987-4710-8FA3-BB4B07BBAC7D}.Release|x86.ActiveCfg = Release|Any CPU
		{276EBAE5-D987-4710-8FA3-BB4B07BBAC7D}.Release|x86.Build.0 = Release|Any CPU
		{667EA705-6360-4314-9510-4BB2F6066412}.Debug|Any CPU.ActiveCfg = Debug|Any CPU
		{667EA705-6360-4314-9510-4BB2F6066412}.Debug|Any CPU.Build.0 = Debug|Any CPU
		{667EA705-6360-4314-9510-4BB2F6066412}.Debug|x64.ActiveCfg = Debug|Any CPU
		{667EA705-6360-4314-9510-4BB2F6066412}.Debug|x64.Build.0 = Debug|Any CPU
		{667EA705-6360-4314-9510-4BB2F6066412}.Debug|x86.ActiveCfg = Debug|Any CPU
		{667EA705-6360-4314-9510-4BB2F6066412}.Debug|x86.Build.0 = Debug|Any CPU
		{667EA705-6360-4314-9510-4BB2F6066412}.Release|Any CPU.ActiveCfg = Release|Any CPU
		{667EA705-6360-4314-9510-4BB2F6066412}.Release|Any CPU.Build.0 = Release|Any CPU
		{667EA705-6360-4314-9510-4BB2F6066412}.Release|x64.ActiveCfg = Release|Any CPU
		{667EA705-6360-4314-9510-4BB2F6066412}.Release|x64.Build.0 = Release|Any CPU
		{667EA705-6360-4314-9510-4BB2F6066412}.Release|x86.ActiveCfg = Release|Any CPU
		{667EA705-6360-4314-9510-4BB2F6066412}.Release|x86.Build.0 = Release|Any CPU
	EndGlobalSection
EndGlobal
